{
  "version": 4,
  "terraform_version": "0.12.7",
  "serial": 544,
  "lineage": "2d1d5848-7bf4-a5db-e866-0638819548bf",
  "outputs": {},
  "resources": [
    {
      "mode": "data",
      "type": "aws_ami",
      "name": "amazon_linux_ecs",
      "provider": "provider.aws",
      "instances": [
        {
          "schema_version": 0,
          "attributes": {
            "architecture": "x86_64",
            "block_device_mappings": [
              {
                "device_name": "/dev/xvda",
                "ebs": {
                  "delete_on_termination": "true",
                  "encrypted": "false",
                  "iops": "0",
                  "snapshot_id": "snap-082b56cff327df4ca",
                  "volume_size": "30",
                  "volume_type": "gp2"
                },
                "no_device": "",
                "virtual_name": ""
              }
            ],
            "creation_date": "2019-08-16T23:52:56.000Z",
            "description": "Amazon Linux AMI 2.0.20190815 x86_64 ECS HVM GP2",
            "executable_users": null,
            "filter": [
              {
                "name": "name",
                "values": [
                  "amzn2-ami-ecs-hvm*"
                ]
              },
              {
                "name": "owner-alias",
                "values": [
                  "amazon"
                ]
              }
            ],
            "hypervisor": "xen",
            "id": "ami-05357ea4dad5e2cf4",
            "image_id": "ami-05357ea4dad5e2cf4",
            "image_location": "amazon/amzn2-ami-ecs-hvm-2.0.20190815-x86_64-ebs",
            "image_owner_alias": "amazon",
            "image_type": "machine",
            "kernel_id": null,
            "most_recent": true,
            "name": "amzn2-ami-ecs-hvm-2.0.20190815-x86_64-ebs",
            "name_regex": null,
            "owner_id": "591542846629",
            "owners": [
              "amazon"
            ],
            "platform": null,
            "product_codes": [],
            "public": true,
            "ramdisk_id": null,
            "root_device_name": "/dev/xvda",
            "root_device_type": "ebs",
            "root_snapshot_id": "snap-082b56cff327df4ca",
            "sriov_net_support": "simple",
            "state": "available",
            "state_reason": {
              "code": "UNSET",
              "message": "UNSET"
            },
            "tags": {},
            "virtualization_type": "hvm"
          }
        }
      ]
    },
    {
      "mode": "data",
      "type": "template_file",
      "name": "user_data",
      "provider": "provider.template",
      "instances": [
        {
          "schema_version": 0,
          "attributes": {
            "filename": null,
            "id": "649dda8dd6930e53329fd440ac73d09a4db9dedac496278c6c9dc5f476853a3e",
            "rendered": "#!/bin/bash\n\n# ECS config\n{\n  echo \"ECS_CLUSTER=tripbff\"\n} \u003e\u003e /etc/ecs/ecs.config\n\nstart ecs\n\necho \"Done\"",
            "template": "#!/bin/bash\n\n# ECS config\n{\n  echo \"ECS_CLUSTER=${cluster_name}\"\n} \u003e\u003e /etc/ecs/ecs.config\n\nstart ecs\n\necho \"Done\"",
            "vars": {
              "cluster_name": "tripbff"
            }
          }
        }
      ]
    },
    {
      "module": "module.this",
      "mode": "managed",
      "type": "aws_autoscaling_group",
      "name": "this",
      "each": "list",
      "provider": "provider.aws",
      "instances": [
        {
          "index_key": 0,
          "schema_version": 0,
          "attributes": {
            "arn": "arn:aws:autoscaling:ap-southeast-1:883134154478:autoScalingGroup:5967486f-ec35-4152-b6d1-8b9dccc73402:autoScalingGroupName/tripbff-dev-20190911132916652800000005",
            "availability_zones": [
              "ap-southeast-1a"
            ],
            "default_cooldown": 300,
            "desired_capacity": 1,
            "enabled_metrics": [
              "GroupDesiredCapacity",
              "GroupInServiceInstances",
              "GroupMaxSize",
              "GroupMinSize",
              "GroupPendingInstances",
              "GroupStandbyInstances",
              "GroupTerminatingInstances",
              "GroupTotalInstances"
            ],
            "force_delete": false,
            "health_check_grace_period": 300,
            "health_check_type": "EC2",
            "id": "tripbff-dev-20190911132916652800000005",
            "initial_lifecycle_hook": [],
            "launch_configuration": "tripbff-dev-20190911141818100500000001",
            "launch_template": [],
            "load_balancers": [],
            "max_size": 1,
            "metrics_granularity": "1Minute",
            "min_elb_capacity": 0,
            "min_size": 0,
            "mixed_instances_policy": [],
            "name": "tripbff-dev-20190911132916652800000005",
            "name_prefix": "tripbff-dev-",
            "placement_group": "",
            "protect_from_scale_in": false,
            "service_linked_role_arn": "arn:aws:iam::883134154478:role/aws-service-role/autoscaling.amazonaws.com/AWSServiceRoleForAutoScaling",
            "suspended_processes": [],
            "tag": [],
            "tags": [
              {
                "key": "Name",
                "propagate_at_launch": "true",
                "value": "tripbff-dev"
              },
              {
                "key": "Environment",
                "propagate_at_launch": "true",
                "value": "dev"
              },
              {
                "key": "Cluster",
                "propagate_at_launch": "true",
                "value": "tripbff"
              }
            ],
            "target_group_arns": [],
            "termination_policies": [
              "Default"
            ],
            "timeouts": null,
            "vpc_zone_identifier": [
              "subnet-0c04d2b33adf23321"
            ],
            "wait_for_capacity_timeout": "0",
            "wait_for_elb_capacity": null
          },
          "private": "eyJlMmJmYjczMC1lY2FhLTExZTYtOGY4OC0zNDM2M2JjN2M0YzAiOnsiZGVsZXRlIjo2MDAwMDAwMDAwMDB9fQ==",
          "depends_on": [
            "aws_launch_configuration.this",
            "random_pet.asg_name"
          ]
        }
      ]
    },
    {
      "module": "module.this",
      "mode": "managed",
      "type": "aws_autoscaling_group",
      "name": "this_with_initial_lifecycle_hook",
      "each": "list",
      "provider": "provider.aws",
      "instances": []
    },
    {
      "module": "module.ecs-services",
      "mode": "managed",
      "type": "aws_cloudwatch_log_group",
      "name": "sso",
      "provider": "provider.aws",
      "instances": [
        {
          "schema_version": 0,
          "attributes": {
            "arn": "arn:aws:logs:ap-southeast-1:883134154478:log-group:tripbff-sso:*",
            "id": "tripbff-sso",
            "kms_key_id": "",
            "name": "tripbff-sso",
            "name_prefix": null,
            "retention_in_days": 14,
            "tags": {}
          },
          "private": "bnVsbA=="
        }
      ]
    },
    {
      "mode": "managed",
      "type": "aws_ecs_cluster",
      "name": "cluster",
      "provider": "provider.aws",
      "instances": [
        {
          "schema_version": 0,
          "attributes": {
            "arn": "arn:aws:ecs:ap-southeast-1:883134154478:cluster/tripbff",
            "id": "arn:aws:ecs:ap-southeast-1:883134154478:cluster/tripbff",
            "name": "tripbff",
            "tags": {}
          },
          "private": "bnVsbA=="
        }
      ]
    },
    {
      "module": "module.ecs-services",
      "mode": "managed",
      "type": "aws_ecs_service",
      "name": "tripbff-sso-service",
      "provider": "provider.aws",
      "instances": [
        {
          "schema_version": 0,
          "attributes": {
            "cluster": "arn:aws:ecs:ap-southeast-1:883134154478:cluster/tripbff",
            "deployment_controller": [
              {
                "type": "ECS"
              }
            ],
            "deployment_maximum_percent": 100,
            "deployment_minimum_healthy_percent": 0,
            "desired_count": 1,
            "enable_ecs_managed_tags": false,
            "health_check_grace_period_seconds": 0,
            "iam_role": null,
            "id": "arn:aws:ecs:ap-southeast-1:883134154478:service/tripbff-sso-service",
            "launch_type": "EC2",
            "load_balancer": [],
            "name": "tripbff-sso-service",
            "network_configuration": [],
            "ordered_placement_strategy": [],
            "placement_constraints": [],
            "placement_strategy": [],
            "platform_version": "",
            "propagate_tags": "NONE",
            "scheduling_strategy": "REPLICA",
            "service_registries": [],
            "tags": {},
            "task_definition": "arn:aws:ecs:ap-southeast-1:883134154478:task-definition/tripbff-sso:14"
          },
          "private": "bnVsbA==",
          "depends_on": [
            "aws_ecs_task_definition.tripbff-sso"
          ]
        }
      ]
    },
    {
      "module": "module.ecs-services",
      "mode": "managed",
      "type": "aws_ecs_task_definition",
      "name": "tripbff-sso",
      "provider": "provider.aws",
      "instances": [
        {
          "schema_version": 1,
          "attributes": {
            "arn": "arn:aws:ecs:ap-southeast-1:883134154478:task-definition/tripbff-sso:14",
            "container_definitions": "[{\"cpu\":0,\"environment\":[{\"name\":\"SERVER_PORT\",\"value\":\"80\"},{\"name\":\"SERVER_HOST\",\"value\":\"localhost\"},{\"name\":\"MONGODB_CONNECTION_STRING\",\"value\":\"mongodb+srv://MongoDbUser:nEohpAvoyimKiZAH@clusterdevelopment-ckix9.mongodb.net/UnicornBFF?retryWrites=true\u0026w=majority\"}],\"essential\":true,\"image\":\"866404760327.dkr.ecr.ap-southeast-1.amazonaws.com/tripbff/sso:latest\",\"logConfiguration\":{\"logDriver\":\"awslogs\",\"options\":{\"awslogs-group\":\"/ecs/tripbff-sso\",\"awslogs-region\":\"ap-southeast-1\",\"awslogs-stream-prefix\":\"ecs\"}},\"mountPoints\":[],\"name\":\"tripbff-sso-container\",\"portMappings\":[{\"containerPort\":80,\"hostPort\":3000,\"protocol\":\"tcp\"}],\"volumesFrom\":[]},{\"cpu\":0,\"environment\":[{\"name\":\"SERVER_PORT\",\"value\":\"80\"},{\"name\":\"SERVER_HOST\",\"value\":\"localhost\"},{\"name\":\"MONGODB_CONNECTION_STRING\",\"value\":\"mongodb+srv://MongoDbUser:nEohpAvoyimKiZAH@clusterdevelopment-ckix9.mongodb.net/UnicornBFF?retryWrites=true\u0026w=majority\"}],\"essential\":true,\"image\":\"redis:4-alpine\",\"logConfiguration\":{\"logDriver\":\"awslogs\",\"options\":{\"awslogs-group\":\"tripbff-sso\",\"awslogs-region\":\"ap-southeast-1\",\"awslogs-stream-prefix\":\"ecs\"}},\"mountPoints\":[],\"name\":\"tripbff-redis-container\",\"portMappings\":[{\"containerPort\":6379,\"hostPort\":6379,\"protocol\":\"tcp\"}],\"volumesFrom\":[]}]",
            "cpu": "",
            "execution_role_arn": "",
            "family": "tripbff-sso",
            "id": "tripbff-sso",
            "ipc_mode": null,
            "memory": "128",
            "network_mode": "",
            "pid_mode": null,
            "placement_constraints": [],
            "proxy_configuration": [],
            "requires_compatibilities": [],
            "revision": 14,
            "tags": {},
            "task_role_arn": "",
            "volume": []
          },
          "private": "eyJzY2hlbWFfdmVyc2lvbiI6IjEifQ==",
          "depends_on": [
            "aws_cloudwatch_log_group.sso"
          ]
        }
      ]
    },
    {
      "module": "module.ec2-profile",
      "mode": "managed",
      "type": "aws_iam_instance_profile",
      "name": "this",
      "provider": "provider.aws",
      "instances": [
        {
          "schema_version": 0,
          "attributes": {
            "arn": "arn:aws:iam::883134154478:instance-profile/tripbff_ecs_instance_profile",
            "create_date": "2019-09-11T13:28:57Z",
            "id": "tripbff_ecs_instance_profile",
            "name": "tripbff_ecs_instance_profile",
            "name_prefix": null,
            "path": "/",
            "role": "tripbff_ecs_instance_role",
            "roles": [
              "tripbff_ecs_instance_role"
            ],
            "unique_id": "AIPA43HXFY3XNZWKWTVSV"
          },
          "private": "bnVsbA==",
          "depends_on": [
            "aws_iam_role.this"
          ]
        }
      ]
    },
    {
      "module": "module.ec2-profile",
      "mode": "managed",
      "type": "aws_iam_role",
      "name": "this",
      "provider": "provider.aws",
      "instances": [
        {
          "schema_version": 0,
          "attributes": {
            "arn": "arn:aws:iam::883134154478:role/ecs/tripbff_ecs_instance_role",
            "assume_role_policy": "{\"Version\":\"2008-10-17\",\"Statement\":[{\"Effect\":\"Allow\",\"Principal\":{\"Service\":[\"ec2.amazonaws.com\",\"ecs.amazonaws.com\"]},\"Action\":\"sts:AssumeRole\"}]}",
            "create_date": "2019-09-11T13:28:55Z",
            "description": "",
            "force_detach_policies": false,
            "id": "tripbff_ecs_instance_role",
            "max_session_duration": 3600,
            "name": "tripbff_ecs_instance_role",
            "name_prefix": null,
            "path": "/ecs/",
            "permissions_boundary": null,
            "tags": {},
            "unique_id": "AROA43HXFY3XM5OLQ5I5F"
          },
          "private": "bnVsbA=="
        }
      ]
    },
    {
      "module": "module.ec2-profile",
      "mode": "managed",
      "type": "aws_iam_role_policy_attachment",
      "name": "ecs_ec2_cloudwatch_role",
      "provider": "provider.aws",
      "instances": [
        {
          "schema_version": 0,
          "attributes": {
            "id": "tripbff_ecs_instance_role-20190911132856772500000002",
            "policy_arn": "arn:aws:iam::aws:policy/CloudWatchLogsFullAccess",
            "role": "tripbff_ecs_instance_role"
          },
          "private": "bnVsbA==",
          "depends_on": [
            "aws_iam_role.this"
          ]
        }
      ]
    },
    {
      "module": "module.ec2-profile",
      "mode": "managed",
      "type": "aws_iam_role_policy_attachment",
      "name": "ecs_ec2_role",
      "provider": "provider.aws",
      "instances": [
        {
          "schema_version": 0,
          "attributes": {
            "id": "tripbff_ecs_instance_role-20190911132856778300000003",
            "policy_arn": "arn:aws:iam::aws:policy/service-role/AmazonEC2ContainerServiceforEC2Role",
            "role": "tripbff_ecs_instance_role"
          },
          "private": "bnVsbA==",
          "depends_on": [
            "aws_iam_role.this"
          ]
        }
      ]
    },
    {
      "mode": "managed",
      "type": "aws_internet_gateway",
      "name": "mesh-vpc-internet-gateway",
      "provider": "provider.aws",
      "instances": [
        {
          "schema_version": 0,
          "attributes": {
            "id": "igw-0ad076538ae44c7aa",
            "owner_id": "883134154478",
            "tags": {
              "Name": "mesh-vpc-internet-gateway"
            },
            "vpc_id": "vpc-05c6b8d7e400e3993"
          },
          "private": "bnVsbA==",
          "depends_on": [
            "aws_vpc.mesh-vpc"
          ]
        }
      ]
    },
    {
      "module": "module.this",
      "mode": "managed",
      "type": "aws_launch_configuration",
      "name": "this",
      "each": "list",
      "provider": "provider.aws",
      "instances": [
        {
          "index_key": 0,
          "schema_version": 0,
          "attributes": {
            "associate_public_ip_address": true,
            "ebs_block_device": [],
            "ebs_optimized": false,
            "enable_monitoring": true,
            "ephemeral_block_device": [],
            "iam_instance_profile": "tripbff_ecs_instance_profile",
            "id": "tripbff-dev-20190911141818100500000001",
            "image_id": "ami-05357ea4dad5e2cf4",
            "instance_type": "t2.nano",
            "key_name": "tripbff-ec2-key-pair",
            "name": "tripbff-dev-20190911141818100500000001",
            "name_prefix": "tripbff-dev-",
            "placement_tenancy": "default",
            "root_block_device": [],
            "security_groups": [
              "sg-017201d2f65ff2970"
            ],
            "spot_price": "",
            "user_data": "a2b2d266410492ea49a6997b8002575f4998cd45",
            "user_data_base64": null,
            "vpc_classic_link_id": "",
            "vpc_classic_link_security_groups": []
          },
          "private": "bnVsbA=="
        }
      ]
    },
    {
      "mode": "managed",
      "type": "aws_route_table",
      "name": "mesh-vpc-route-table",
      "provider": "provider.aws",
      "instances": [
        {
          "schema_version": 0,
          "attributes": {
            "id": "rtb-081e742ef08898b74",
            "owner_id": "883134154478",
            "propagating_vgws": [],
            "route": [
              {
                "cidr_block": "10.0.0.0/0",
                "egress_only_gateway_id": "",
                "gateway_id": "igw-0ad076538ae44c7aa",
                "instance_id": "",
                "ipv6_cidr_block": "",
                "nat_gateway_id": "",
                "network_interface_id": "",
                "transit_gateway_id": "",
                "vpc_peering_connection_id": ""
              }
            ],
            "tags": {
              "Name": "mesh-vpc-route-table"
            },
            "vpc_id": "vpc-05c6b8d7e400e3993"
          },
          "private": "bnVsbA==",
          "depends_on": [
            "aws_internet_gateway.mesh-vpc-internet-gateway",
            "aws_vpc.mesh-vpc"
          ]
        }
      ]
    },
    {
      "mode": "managed",
      "type": "aws_route_table_association",
      "name": "mesh-vpc-route-table-association1",
      "provider": "provider.aws",
      "instances": [
        {
          "schema_version": 0,
          "attributes": {
            "id": "rtbassoc-01b360af2e9018a00",
            "route_table_id": "rtb-081e742ef08898b74",
            "subnet_id": "subnet-0c04d2b33adf23321"
          },
          "private": "bnVsbA==",
          "depends_on": [
            "aws_route_table.mesh-vpc-route-table",
            "aws_subnet.mesh-vpc-subnet1"
          ]
        }
      ]
    },
    {
      "mode": "managed",
      "type": "aws_route_table_association",
      "name": "mesh-vpc-route-table-association2",
      "provider": "provider.aws",
      "instances": [
        {
          "schema_version": 0,
          "attributes": {
            "id": "rtbassoc-05ec5c72f573cbd30",
            "route_table_id": "rtb-081e742ef08898b74",
            "subnet_id": "subnet-0f9532b6bf16fa726"
          },
          "private": "bnVsbA==",
          "depends_on": [
            "aws_route_table.mesh-vpc-route-table",
            "aws_subnet.mesh-vpc-subnet2"
          ]
        }
      ]
    },
    {
      "mode": "managed",
      "type": "aws_security_group",
      "name": "mesh-vpc-security-group",
      "provider": "provider.aws",
      "instances": [
        {
          "schema_version": 1,
          "attributes": {
            "arn": "arn:aws:ec2:ap-southeast-1:883134154478:security-group/sg-017201d2f65ff2970",
            "description": "Allow HTTP, HTTPS, and SSH",
            "egress": [
              {
                "cidr_blocks": [
                  "0.0.0.0/0"
                ],
                "description": "",
                "from_port": 0,
                "ipv6_cidr_blocks": [],
                "prefix_list_ids": [],
                "protocol": "-1",
                "security_groups": [],
                "self": false,
                "to_port": 0
              }
            ],
            "id": "sg-017201d2f65ff2970",
            "ingress": [
              {
                "cidr_blocks": [
                  "0.0.0.0/0"
                ],
                "description": "",
                "from_port": 22,
                "ipv6_cidr_blocks": [],
                "prefix_list_ids": [],
                "protocol": "tcp",
                "security_groups": [],
                "self": false,
                "to_port": 22
              },
              {
                "cidr_blocks": [
                  "0.0.0.0/0"
                ],
                "description": "",
                "from_port": 443,
                "ipv6_cidr_blocks": [],
                "prefix_list_ids": [],
                "protocol": "tcp",
                "security_groups": [],
                "self": false,
                "to_port": 443
              },
              {
                "cidr_blocks": [
                  "0.0.0.0/0"
                ],
                "description": "",
                "from_port": 80,
                "ipv6_cidr_blocks": [],
                "prefix_list_ids": [],
                "protocol": "tcp",
                "security_groups": [],
                "self": false,
                "to_port": 80
              }
            ],
            "name": "mesh-vpc-security-group",
            "name_prefix": null,
            "owner_id": "883134154478",
            "revoke_rules_on_delete": false,
            "tags": {},
            "timeouts": null,
            "vpc_id": "vpc-05c6b8d7e400e3993"
          },
          "private": "eyJlMmJmYjczMC1lY2FhLTExZTYtOGY4OC0zNDM2M2JjN2M0YzAiOnsiY3JlYXRlIjo2MDAwMDAwMDAwMDAsImRlbGV0ZSI6NjAwMDAwMDAwMDAwfSwic2NoZW1hX3ZlcnNpb24iOiIxIn0=",
          "depends_on": [
            "aws_vpc.mesh-vpc"
          ]
        }
      ]
    },
    {
      "mode": "managed",
      "type": "aws_subnet",
      "name": "mesh-vpc-subnet1",
      "provider": "provider.aws",
      "instances": [
        {
          "schema_version": 1,
          "attributes": {
            "arn": "arn:aws:ec2:ap-southeast-1:883134154478:subnet/subnet-0c04d2b33adf23321",
            "assign_ipv6_address_on_creation": false,
            "availability_zone": "ap-southeast-1a",
            "availability_zone_id": "apse1-az2",
            "cidr_block": "10.0.0.0/24",
            "id": "subnet-0c04d2b33adf23321",
            "ipv6_cidr_block": "",
            "ipv6_cidr_block_association_id": "",
            "map_public_ip_on_launch": false,
            "owner_id": "883134154478",
            "tags": {
              "Name": "mesh-vpc-subnet"
            },
            "timeouts": null,
            "vpc_id": "vpc-05c6b8d7e400e3993"
          },
          "private": "eyJlMmJmYjczMC1lY2FhLTExZTYtOGY4OC0zNDM2M2JjN2M0YzAiOnsiY3JlYXRlIjo2MDAwMDAwMDAwMDAsImRlbGV0ZSI6MTIwMDAwMDAwMDAwMH0sInNjaGVtYV92ZXJzaW9uIjoiMSJ9",
          "depends_on": [
            "aws_vpc.mesh-vpc"
          ]
        }
      ]
    },
    {
      "mode": "managed",
      "type": "aws_subnet",
      "name": "mesh-vpc-subnet2",
      "provider": "provider.aws",
      "instances": [
        {
          "schema_version": 1,
          "attributes": {
            "arn": "arn:aws:ec2:ap-southeast-1:883134154478:subnet/subnet-0f9532b6bf16fa726",
            "assign_ipv6_address_on_creation": false,
            "availability_zone": "ap-southeast-1b",
            "availability_zone_id": "apse1-az1",
            "cidr_block": "10.0.1.0/24",
            "id": "subnet-0f9532b6bf16fa726",
            "ipv6_cidr_block": "",
            "ipv6_cidr_block_association_id": "",
            "map_public_ip_on_launch": false,
            "owner_id": "883134154478",
            "tags": {
              "Name": "mesh-vpc-subnet"
            },
            "timeouts": null,
            "vpc_id": "vpc-05c6b8d7e400e3993"
          },
          "private": "eyJlMmJmYjczMC1lY2FhLTExZTYtOGY4OC0zNDM2M2JjN2M0YzAiOnsiY3JlYXRlIjo2MDAwMDAwMDAwMDAsImRlbGV0ZSI6MTIwMDAwMDAwMDAwMH0sInNjaGVtYV92ZXJzaW9uIjoiMSJ9",
          "depends_on": [
            "aws_vpc.mesh-vpc"
          ]
        }
      ]
    },
    {
      "mode": "managed",
      "type": "aws_vpc",
      "name": "mesh-vpc",
      "provider": "provider.aws",
      "instances": [
        {
          "schema_version": 1,
          "attributes": {
            "arn": "arn:aws:ec2:ap-southeast-1:883134154478:vpc/vpc-05c6b8d7e400e3993",
            "assign_generated_ipv6_cidr_block": false,
            "cidr_block": "10.0.0.0/16",
            "default_network_acl_id": "acl-07ffca2afbb1ed517",
            "default_route_table_id": "rtb-0e11b8fdcdb24f628",
            "default_security_group_id": "sg-0cad564c5b90b32aa",
            "dhcp_options_id": "dopt-957feff0",
            "enable_classiclink": false,
            "enable_classiclink_dns_support": false,
            "enable_dns_hostnames": true,
            "enable_dns_support": true,
            "id": "vpc-05c6b8d7e400e3993",
            "instance_tenancy": "default",
            "ipv6_association_id": "",
            "ipv6_cidr_block": "",
            "main_route_table_id": "rtb-0e11b8fdcdb24f628",
            "owner_id": "883134154478",
            "tags": {
              "Name": "mesh-vpc"
            }
          },
          "private": "eyJzY2hlbWFfdmVyc2lvbiI6IjEifQ=="
        }
      ]
    },
    {
      "module": "module.this",
      "mode": "managed",
      "type": "null_resource",
      "name": "tags_as_list_of_maps",
      "each": "list",
      "provider": "provider.null",
      "instances": []
    },
    {
      "module": "module.this",
      "mode": "managed",
      "type": "random_pet",
      "name": "asg_name",
      "each": "list",
      "provider": "provider.random",
      "instances": []
    }
  ]
}
