{
  "name": "lottieweb",
  "version": "1.0.0",
  "lockfileVersion": 1,
  "requires": true,
  "dependencies": {
    "lottie-web": {
      "version": "5.3.1",
      "resolved": "https://registry.npmjs.org/lottie-web/-/lottie-web-5.3.1.tgz",
      "integrity": "sha512-hp5nYg/j0kusnpG6XliG4DhrJylz2+wLuxrAFM4uVHWplTVj0SFyYqxo6EGoG/G36BgAbUUNyBdsrJDolJJHFA=="
    }
  }
}
