# THIS IS AN AUTOGENERATED FILE. DO NOT EDIT THIS FILE DIRECTLY.
# yarn lockfile v1


"@types/node@*":
  version "10.12.15"
  resolved "https://registry.yarnpkg.com/@types/node/-/node-10.12.15.tgz#20e85651b62fd86656e57c9c9bc771ab1570bc59"
  integrity sha512-9kROxduaN98QghwwHmxXO2Xz3MaWf+I1sLVAA6KJDF5xix+IyXVhds0MAfdNwtcpSrzhaTsNB0/jnL86fgUhqA==

"@types/redis@^2.8.0":
  version "2.8.8"
  resolved "https://registry.yarnpkg.com/@types/redis/-/redis-2.8.8.tgz#70855e79a6020080cca3cb5f1f5ee7f11b49a979"
  integrity sha512-o/1ufNVPA92uum9HFbEiXXIHBuLywSwHQtAZoACMc1FhPXS5YftybBC1EI0zjdbUb273VVWF0Ivll/bq4g+gyw==
  dependencies:
    "@types/node" "*"

double-ended-queue@^2.1.0-0:
  version "2.1.0-0"
  resolved "https://registry.yarnpkg.com/double-ended-queue/-/double-ended-queue-2.1.0-0.tgz#103d3527fd31528f40188130c841efdd78264e5c"
  integrity sha1-ED01J/0xUo9AGIEwyEHv3XgmTlw=

lodash@^4.17.10:
  version "4.17.11"
  resolved "https://registry.yarnpkg.com/lodash/-/lodash-4.17.11.tgz#b39ea6229ef607ecd89e2c8df12536891cac9b8d"
  integrity sha512-cQKh8igo5QUhZ7lg38DYWAxMvjSAKG0A8wGSVimP07SIUEK2UO+arSRKbRZWtelMtN5V0Hkwh5ryOto/SshYIg==

redis-commands@^1.2.0:
  version "1.4.0"
  resolved "https://registry.yarnpkg.com/redis-commands/-/redis-commands-1.4.0.tgz#52f9cf99153efcce56a8f86af986bd04e988602f"
  integrity sha512-cu8EF+MtkwI4DLIT0x9P8qNTLFhQD4jLfxLR0cCNkeGzs87FN6879JOJwNQR/1zD7aSYNbU0hgsV9zGY71Itvw==

redis-parser@^2.6.0:
  version "2.6.0"
  resolved "https://registry.yarnpkg.com/redis-parser/-/redis-parser-2.6.0.tgz#52ed09dacac108f1a631c07e9b69941e7a19504b"
  integrity sha1-Uu0J2srBCPGmMcB+m2mUHnoZUEs=

redis@^2.8.0:
  version "2.8.0"
  resolved "https://registry.yarnpkg.com/redis/-/redis-2.8.0.tgz#202288e3f58c49f6079d97af7a10e1303ae14b02"
  integrity sha512-M1OkonEQwtRmZv4tEWF2VgpG0JWJ8Fv1PhlgT5+B+uNq2cA3Rt1Yt/ryoR+vQNOQcIEgdCdfH0jr3bDpihAw1A==
  dependencies:
    double-ended-queue "^2.1.0-0"
    redis-commands "^1.2.0"
    redis-parser "^2.6.0"

rsmq@^0.9.3:
  version "0.9.3"
  resolved "https://registry.yarnpkg.com/rsmq/-/rsmq-0.9.3.tgz#de1b1f795bfd845869aa3528cd11d4e5985f73a1"
  integrity sha512-Gf0dRJ+CkzGqrZ81TRok+YOtFOJdiX9bqvz28pT0ythA5gTkMxDrFWEuj937Ogd+fpWpnu+2Yc2ro/kr7tpPTg==
  dependencies:
    "@types/redis" "^2.8.0"
    lodash "^4.17.10"
    redis "^2.8.0"
