{
  "version": 4,
  "terraform_version": "0.12.18",
  "serial": 4,
  "lineage": "2e4ff152-fdb9-ea0f-a19e-33e1e7d2aa70",
  "outputs": {},
  "resources": [
    {
      "module": "module.s3-bucket",
      "mode": "managed",
      "type": "aws_s3_bucket",
      "name": "bucket1",
      "provider": "provider.aws",
      "instances": [
        {
          "schema_version": 0,
          "attributes": {
            "acceleration_status": "",
            "acl": "private",
            "arn": "arn:aws:s3:::tripbff-testing",
            "bucket": "tripbff-testing",
            "bucket_domain_name": "tripbff-testing.s3.amazonaws.com",
            "bucket_prefix": null,
            "bucket_regional_domain_name": "tripbff-testing.s3.ap-southeast-1.amazonaws.com",
            "cors_rule": [
              {
                "allowed_headers": [
                  "*"
                ],
                "allowed_methods": [
                  "GET",
                  "PUT",
                  "POST"
                ],
                "allowed_origins": [
                  "*"
                ],
                "expose_headers": null,
                "max_age_seconds": 0
              }
            ],
            "force_destroy": false,
            "hosted_zone_id": "Z3O0J2DXBE1FTB",
            "id": "tripbff-testing",
            "lifecycle_rule": [],
            "logging": [],
            "object_lock_configuration": [],
            "policy": null,
            "region": "ap-southeast-1",
            "replication_configuration": [],
            "request_payer": "BucketOwner",
            "server_side_encryption_configuration": [],
            "tags": {
              "Environment": "testing",
              "Name": "tripbff"
            },
            "versioning": [
              {
                "enabled": false,
                "mfa_delete": false
              }
            ],
            "website": [],
            "website_domain": null,
            "website_endpoint": null
          },
          "private": "bnVsbA=="
        }
      ]
    },
    {
      "module": "module.s3-bucket",
      "mode": "managed",
      "type": "aws_s3_bucket_policy",
      "name": "b",
      "provider": "provider.aws",
      "instances": [
        {
          "schema_version": 0,
          "attributes": {
            "bucket": "tripbff-testing",
            "id": "tripbff-testing",
            "policy": "{\n  \"Version\": \"2012-10-17\",\n  \"Id\": \"MYBUCKETPOLICY\",\n  \"Statement\": [\n    {\n      \"Sid\": \"IPAllow\",\n      \"Effect\": \"Allow\",\n      \"Principal\": {\n        \"AWS\": \"arn:aws:iam::883134154478:user/dev-access\"\n      },\n      \"Action\": \"s3:*\",\n      \"Resource\": \"arn:aws:s3:::tripbff-testing/*\"\n    }\n  ]\n}\n"
          },
          "private": "bnVsbA==",
          "dependencies": [
            "module.s3-bucket.aws_s3_bucket.bucket1",
            "module.s3-bucket.aws_s3_bucket_public_access_block.permissions"
          ]
        }
      ]
    },
    {
      "module": "module.s3-bucket",
      "mode": "managed",
      "type": "aws_s3_bucket_public_access_block",
      "name": "permissions",
      "provider": "provider.aws",
      "instances": [
        {
          "schema_version": 0,
          "attributes": {
            "block_public_acls": false,
            "block_public_policy": false,
            "bucket": "tripbff-testing",
            "id": "tripbff-testing",
            "ignore_public_acls": true,
            "restrict_public_buckets": false
          },
          "private": "bnVsbA==",
          "dependencies": [
            "module.s3-bucket.aws_s3_bucket.bucket1"
          ]
        }
      ]
    }
  ]
}
