# THIS IS AN AUTOGENERATED FILE. DO NOT EDIT THIS FILE DIRECTLY.
# yarn lockfile v1


lottie-web@^5.3.1:
  version "5.4.2"
  resolved "https://registry.yarnpkg.com/lottie-web/-/lottie-web-5.4.2.tgz#efe727ce20170946969929b50f30bfef3ec7ae55"
  integrity sha512-k1YQaQ14cwiZKRqgQzKIlMhIIIhgtaRR2ngtoXxbLBwtvpu+mPtbaSsIXfB8YIP8SZcB+CUZj6yO/Y5so8JUlg==
