{
  "version": 4,
  "terraform_version": "0.12.7",
  "serial": 16,
  "lineage": "3ff1311b-17f9-487d-4daf-fe9d19aa5004",
  "outputs": {},
  "resources": [
    {
      "module": "module.this.module.instances",
      "mode": "data",
      "type": "aws_ami",
      "name": "amazon_linux_ecs",
      "provider": "provider.aws",
      "instances": [
        {
          "schema_version": 0,
          "attributes": {
            "architecture": "x86_64",
            "block_device_mappings": [
              {
                "device_name": "/dev/xvda",
                "ebs": {
                  "delete_on_termination": "true",
                  "encrypted": "false",
                  "iops": "0",
                  "snapshot_id": "snap-0436d27eb8fe49565",
                  "volume_size": "30",
                  "volume_type": "gp2"
                },
                "no_device": "",
                "virtual_name": ""
              }
            ],
            "creation_date": "2019-09-26T03:52:19.000Z",
            "description": "Amazon Linux AMI 2.0.20190925 x86_64 ECS HVM GP2",
            "executable_users": null,
            "filter": [
              {
                "name": "name",
                "values": [
                  "amzn2-ami-ecs-hvm*"
                ]
              },
              {
                "name": "owner-alias",
                "values": [
                  "amazon"
                ]
              }
            ],
            "hypervisor": "xen",
            "id": "ami-0aaa6d1e08e1e271d",
            "image_id": "ami-0aaa6d1e08e1e271d",
            "image_location": "amazon/amzn2-ami-ecs-hvm-2.0.20190925-x86_64-ebs",
            "image_owner_alias": "amazon",
            "image_type": "machine",
            "kernel_id": null,
            "most_recent": true,
            "name": "amzn2-ami-ecs-hvm-2.0.20190925-x86_64-ebs",
            "name_regex": null,
            "owner_id": "591542846629",
            "owners": [
              "amazon"
            ],
            "platform": null,
            "product_codes": [],
            "public": true,
            "ramdisk_id": null,
            "root_device_name": "/dev/xvda",
            "root_device_type": "ebs",
            "root_snapshot_id": "snap-0436d27eb8fe49565",
            "sriov_net_support": "simple",
            "state": "available",
            "state_reason": {
              "code": "UNSET",
              "message": "UNSET"
            },
            "tags": {},
            "virtualization_type": "hvm"
          }
        }
      ]
    },
    {
      "module": "module.this.module.instances.module.ec2-profile",
      "mode": "data",
      "type": "aws_iam_policy_document",
      "name": "traefik",
      "provider": "provider.aws",
      "instances": [
        {
          "schema_version": 0,
          "attributes": {
            "id": "3315100151",
            "json": "{\n  \"Version\": \"2012-10-17\",\n  \"Statement\": [\n    {\n      \"Sid\": \"TraefikECSReadAccess\",\n      \"Effect\": \"Allow\",\n      \"Action\": [\n        \"ecs:ListTasks\",\n        \"ecs:ListClusters\",\n        \"ecs:DescribeTasks\",\n        \"ecs:DescribeTaskDefinition\",\n        \"ecs:DescribeContainerInstances\",\n        \"ecs:DescribeClusters\",\n        \"ec2:DescribeInstances\"\n      ],\n      \"Resource\": \"*\"\n    }\n  ]\n}",
            "override_json": null,
            "policy_id": null,
            "source_json": null,
            "statement": [
              {
                "actions": [
                  "ec2:DescribeInstances",
                  "ecs:DescribeClusters",
                  "ecs:DescribeContainerInstances",
                  "ecs:DescribeTaskDefinition",
                  "ecs:DescribeTasks",
                  "ecs:ListClusters",
                  "ecs:ListTasks"
                ],
                "condition": [],
                "effect": "Allow",
                "not_actions": [],
                "not_principals": [],
                "not_resources": [],
                "principals": [],
                "resources": [
                  "*"
                ],
                "sid": "TraefikECSReadAccess"
              }
            ],
            "version": "2012-10-17"
          }
        }
      ]
    },
    {
      "module": "module.this",
      "mode": "data",
      "type": "aws_route53_zone",
      "name": "selected",
      "provider": "provider.aws",
      "instances": [
        {
          "schema_version": 0,
          "attributes": {
            "caller_reference": "F3730765-0F84-DC42-B168-FCB4DE068549",
            "comment": "",
            "id": "Z3HG3686GMJSUI",
            "linked_service_description": null,
            "linked_service_principal": null,
            "name": "tripbff.com.",
            "name_servers": [
              "ns-10.awsdns-01.com",
              "ns-1198.awsdns-21.org",
              "ns-1628.awsdns-11.co.uk",
              "ns-975.awsdns-57.net"
            ],
            "private_zone": false,
            "resource_record_set_count": 7,
            "tags": null,
            "vpc_id": null,
            "zone_id": "Z3HG3686GMJSUI"
          }
        }
      ]
    },
    {
      "module": "module.this.module.instances",
      "mode": "data",
      "type": "template_file",
      "name": "user_data",
      "provider": "provider.template",
      "instances": [
        {
          "schema_version": 0,
          "attributes": {
            "filename": null,
            "id": "3e7d8e464e3dc5deeeb202a7cbf0a393be2188e48ee783c1ed83d25822cf049e",
            "rendered": "#!/bin/bash\n\n# ECS config\n{\n  echo \"ECS_CLUSTER=tripbff-prod\"\n} \u003e\u003e /etc/ecs/ecs.config\n\nstart ecs\n\necho \"Done\"",
            "template": "#!/bin/bash\n\n# ECS config\n{\n  echo \"ECS_CLUSTER=${cluster_name}\"\n} \u003e\u003e /etc/ecs/ecs.config\n\nstart ecs\n\necho \"Done\"",
            "vars": {
              "cluster_name": "tripbff-prod"
            }
          }
        }
      ]
    },
    {
      "module": "module.this",
      "mode": "managed",
      "type": "aws_ecs_cluster",
      "name": "cluster",
      "provider": "provider.aws",
      "instances": [
        {
          "schema_version": 0,
          "attributes": {
            "arn": "arn:aws:ecs:ap-southeast-1:866404760327:cluster/tripbff-prod",
            "id": "arn:aws:ecs:ap-southeast-1:866404760327:cluster/tripbff-prod",
            "name": "tripbff-prod",
            "setting": [
              {
                "name": "containerInsights",
                "value": "disabled"
              }
            ],
            "tags": null
          },
          "private": "bnVsbA=="
        }
      ]
    },
    {
      "module": "module.this.module.ecs-infographic-services",
      "mode": "managed",
      "type": "aws_ecs_service",
      "name": "tripbff-infographic-service",
      "provider": "provider.aws",
      "instances": []
    },
    {
      "module": "module.this.module.ecs-redis-services",
      "mode": "managed",
      "type": "aws_ecs_service",
      "name": "tripbff-redis-service",
      "provider": "provider.aws",
      "instances": []
    },
    {
      "module": "module.this.module.ecs-sso-services",
      "mode": "managed",
      "type": "aws_ecs_service",
      "name": "tripbff-sso-service",
      "provider": "provider.aws",
      "instances": []
    },
    {
      "module": "module.this.module.ecs-traefik-services",
      "mode": "managed",
      "type": "aws_ecs_service",
      "name": "tripbff-traefik-service",
      "provider": "provider.aws",
      "instances": []
    },
    {
      "module": "module.this.module.ecs-trip_api-services",
      "mode": "managed",
      "type": "aws_ecs_service",
      "name": "tripbff-trip-api-service",
      "provider": "provider.aws",
      "instances": []
    },
    {
      "module": "module.this.module.ecs-infographic-services",
      "mode": "managed",
      "type": "aws_ecs_task_definition",
      "name": "tripbff-infographic",
      "provider": "provider.aws",
      "instances": []
    },
    {
      "module": "module.this.module.ecs-redis-services",
      "mode": "managed",
      "type": "aws_ecs_task_definition",
      "name": "tripbff-redis",
      "provider": "provider.aws",
      "instances": []
    },
    {
      "module": "module.this.module.ecs-sso-services",
      "mode": "managed",
      "type": "aws_ecs_task_definition",
      "name": "tripbff-sso",
      "provider": "provider.aws",
      "instances": []
    },
    {
      "module": "module.this.module.ecs-traefik-services",
      "mode": "managed",
      "type": "aws_ecs_task_definition",
      "name": "tripbff-traefik",
      "provider": "provider.aws",
      "instances": []
    },
    {
      "module": "module.this.module.ecs-trip_api-services",
      "mode": "managed",
      "type": "aws_ecs_task_definition",
      "name": "tripbff-trip-api",
      "provider": "provider.aws",
      "instances": []
    },
    {
      "module": "module.this.module.instances",
      "mode": "managed",
      "type": "aws_eip",
      "name": "example",
      "provider": "provider.aws",
      "instances": [
        {
          "schema_version": 0,
          "attributes": {
            "allocation_id": null,
            "associate_with_private_ip": null,
            "association_id": "",
            "domain": "vpc",
            "id": "eipalloc-0549668847c1a582f",
            "instance": "",
            "network_interface": "",
            "private_dns": null,
            "private_ip": "",
            "public_dns": "ec2-3-1-248-95.ap-southeast-1.compute.amazonaws.com",
            "public_ip": "3.1.248.95",
            "public_ipv4_pool": "amazon",
            "tags": null,
            "timeouts": null,
            "vpc": true
          },
          "private": "eyJlMmJmYjczMC1lY2FhLTExZTYtOGY4OC0zNDM2M2JjN2M0YzAiOnsiZGVsZXRlIjoxODAwMDAwMDAwMDAsInJlYWQiOjkwMDAwMDAwMDAwMCwidXBkYXRlIjozMDAwMDAwMDAwMDB9fQ=="
        }
      ]
    },
    {
      "module": "module.this.module.instances",
      "mode": "managed",
      "type": "aws_eip_association",
      "name": "eip_assoc",
      "provider": "provider.aws",
      "instances": []
    },
    {
      "module": "module.this.module.instances.module.ec2-profile",
      "mode": "managed",
      "type": "aws_iam_instance_profile",
      "name": "this",
      "provider": "provider.aws",
      "instances": []
    },
    {
      "module": "module.this.module.instances.module.ec2-profile",
      "mode": "managed",
      "type": "aws_iam_role_policy_attachment",
      "name": "ecs_ec2_cloudwatch_role",
      "provider": "provider.aws",
      "instances": []
    },
    {
      "module": "module.this.module.instances.module.ec2-profile",
      "mode": "managed",
      "type": "aws_iam_role_policy_attachment",
      "name": "ecs_ec2_role",
      "provider": "provider.aws",
      "instances": []
    },
    {
      "module": "module.this.module.instances.module.ec2-profile",
      "mode": "managed",
      "type": "aws_iam_role_policy_attachment",
      "name": "traefik_ecs_exec_role_additions",
      "provider": "provider.aws",
      "instances": []
    },
    {
      "module": "module.this.module.instances",
      "mode": "managed",
      "type": "aws_instance",
      "name": "one",
      "provider": "provider.aws",
      "instances": []
    },
    {
      "module": "module.this.module.instances",
      "mode": "managed",
      "type": "aws_internet_gateway",
      "name": "mesh-vpc-internet-gateway",
      "provider": "provider.aws",
      "instances": [
        {
          "schema_version": 0,
          "attributes": {
            "id": "igw-0946e551f7ac6744b",
            "owner_id": "866404760327",
            "tags": {
              "Name": "mesh-vpc-internet-gateway"
            },
            "vpc_id": "vpc-08399ed9c36c6daff"
          },
          "private": "bnVsbA==",
          "depends_on": [
            "aws_vpc.mesh-vpc"
          ]
        }
      ]
    },
    {
      "module": "module.this.module.instances",
      "mode": "managed",
      "type": "aws_network_interface",
      "name": "foo",
      "provider": "provider.aws",
      "instances": [
        {
          "schema_version": 0,
          "attributes": {
            "attachment": [],
            "description": "",
            "id": "eni-0379bd03dae7ff1ce",
            "private_dns_name": "ip-10-0-0-246.ap-southeast-1.compute.internal",
            "private_ip": "10.0.0.246",
            "private_ips": [
              "10.0.0.246"
            ],
            "private_ips_count": 0,
            "security_groups": [
              "sg-04eaa6aa6484957e1"
            ],
            "source_dest_check": true,
            "subnet_id": "subnet-092a70dbd563c2ee9",
            "tags": {
              "Name": "primary_network_interface"
            }
          },
          "private": "bnVsbA==",
          "depends_on": [
            "aws_subnet.mesh-vpc-subnet1"
          ]
        }
      ]
    },
    {
      "module": "module.this.module.instances",
      "mode": "managed",
      "type": "aws_network_interface",
      "name": "foo2",
      "provider": "provider.aws",
      "instances": [
        {
          "schema_version": 0,
          "attributes": {
            "attachment": [],
            "description": "",
            "id": "eni-0b7eb63dfab599eb4",
            "private_dns_name": "ip-10-0-1-7.ap-southeast-1.compute.internal",
            "private_ip": "10.0.1.7",
            "private_ips": [
              "10.0.1.7"
            ],
            "private_ips_count": 0,
            "security_groups": [
              "sg-04eaa6aa6484957e1"
            ],
            "source_dest_check": true,
            "subnet_id": "subnet-07cbccb864a96bb08",
            "tags": {
              "Name": "primary_network_interface"
            }
          },
          "private": "bnVsbA==",
          "depends_on": [
            "aws_subnet.mesh-vpc-subnet2"
          ]
        }
      ]
    },
    {
      "module": "module.this",
      "mode": "managed",
      "type": "aws_route53_record",
      "name": "sso",
      "provider": "provider.aws",
      "instances": [
        {
          "schema_version": 2,
          "attributes": {
            "alias": [],
            "allow_overwrite": null,
            "failover_routing_policy": [],
            "fqdn": "sso-prod.tripbff.com",
            "geolocation_routing_policy": [],
            "health_check_id": null,
            "id": "Z3HG3686GMJSUI_sso-prod.tripbff.com._A",
            "latency_routing_policy": [],
            "multivalue_answer_routing_policy": null,
            "name": "sso-prod.tripbff.com",
            "records": [
              "3.1.248.95"
            ],
            "set_identifier": null,
            "ttl": 30,
            "type": "A",
            "weighted_routing_policy": [],
            "zone_id": "Z3HG3686GMJSUI"
          },
          "private": "eyJzY2hlbWFfdmVyc2lvbiI6IjIifQ==",
          "depends_on": [
            "data.aws_route53_zone.selected",
            "module.instances"
          ]
        }
      ]
    },
    {
      "module": "module.this",
      "mode": "managed",
      "type": "aws_route53_record",
      "name": "traefik-dashboard",
      "provider": "provider.aws",
      "instances": [
        {
          "schema_version": 2,
          "attributes": {
            "alias": [],
            "allow_overwrite": null,
            "failover_routing_policy": [],
            "fqdn": "traefik-prod.tripbff.com",
            "geolocation_routing_policy": [],
            "health_check_id": null,
            "id": "Z3HG3686GMJSUI_traefik-prod.tripbff.com._A",
            "latency_routing_policy": [],
            "multivalue_answer_routing_policy": null,
            "name": "traefik-prod.tripbff.com",
            "records": [
              "3.1.248.95"
            ],
            "set_identifier": null,
            "ttl": 30,
            "type": "A",
            "weighted_routing_policy": [],
            "zone_id": "Z3HG3686GMJSUI"
          },
          "private": "eyJzY2hlbWFfdmVyc2lvbiI6IjIifQ==",
          "depends_on": [
            "data.aws_route53_zone.selected",
            "module.instances"
          ]
        }
      ]
    },
    {
      "module": "module.this",
      "mode": "managed",
      "type": "aws_route53_record",
      "name": "trip-api",
      "provider": "provider.aws",
      "instances": [
        {
          "schema_version": 2,
          "attributes": {
            "alias": [],
            "allow_overwrite": null,
            "failover_routing_policy": [],
            "fqdn": "trip-api-prod.tripbff.com",
            "geolocation_routing_policy": [],
            "health_check_id": null,
            "id": "Z3HG3686GMJSUI_trip-api-prod.tripbff.com._A",
            "latency_routing_policy": [],
            "multivalue_answer_routing_policy": null,
            "name": "trip-api-prod.tripbff.com",
            "records": [
              "3.1.248.95"
            ],
            "set_identifier": null,
            "ttl": 30,
            "type": "A",
            "weighted_routing_policy": [],
            "zone_id": "Z3HG3686GMJSUI"
          },
          "private": "eyJzY2hlbWFfdmVyc2lvbiI6IjIifQ==",
          "depends_on": [
            "data.aws_route53_zone.selected",
            "module.instances"
          ]
        }
      ]
    },
    {
      "module": "module.this.module.instances",
      "mode": "managed",
      "type": "aws_route_table",
      "name": "mesh-vpc-route-table",
      "provider": "provider.aws",
      "instances": [
        {
          "schema_version": 0,
          "attributes": {
            "id": "rtb-0577ee108ec4eb1ed",
            "owner_id": "866404760327",
            "propagating_vgws": [],
            "route": [
              {
                "cidr_block": "10.0.0.0/0",
                "egress_only_gateway_id": "",
                "gateway_id": "igw-0946e551f7ac6744b",
                "instance_id": "",
                "ipv6_cidr_block": "",
                "nat_gateway_id": "",
                "network_interface_id": "",
                "transit_gateway_id": "",
                "vpc_peering_connection_id": ""
              }
            ],
            "tags": {
              "Name": "mesh-vpc-route-table"
            },
            "vpc_id": "vpc-08399ed9c36c6daff"
          },
          "private": "bnVsbA==",
          "depends_on": [
            "aws_internet_gateway.mesh-vpc-internet-gateway",
            "aws_vpc.mesh-vpc"
          ]
        }
      ]
    },
    {
      "module": "module.this.module.instances",
      "mode": "managed",
      "type": "aws_route_table_association",
      "name": "mesh-vpc-route-table-association1",
      "provider": "provider.aws",
      "instances": [
        {
          "schema_version": 0,
          "attributes": {
            "id": "rtbassoc-0bd49fa5141c15ccd",
            "route_table_id": "rtb-0577ee108ec4eb1ed",
            "subnet_id": "subnet-092a70dbd563c2ee9"
          },
          "private": "bnVsbA==",
          "depends_on": [
            "aws_route_table.mesh-vpc-route-table",
            "aws_subnet.mesh-vpc-subnet1"
          ]
        }
      ]
    },
    {
      "module": "module.this.module.instances",
      "mode": "managed",
      "type": "aws_route_table_association",
      "name": "mesh-vpc-route-table-association2",
      "provider": "provider.aws",
      "instances": [
        {
          "schema_version": 0,
          "attributes": {
            "id": "rtbassoc-033de7444d569d015",
            "route_table_id": "rtb-0577ee108ec4eb1ed",
            "subnet_id": "subnet-07cbccb864a96bb08"
          },
          "private": "bnVsbA==",
          "depends_on": [
            "aws_route_table.mesh-vpc-route-table",
            "aws_subnet.mesh-vpc-subnet2"
          ]
        }
      ]
    },
    {
      "module": "module.this.module.instances",
      "mode": "managed",
      "type": "aws_security_group",
      "name": "mesh-vpc-security-group",
      "provider": "provider.aws",
      "instances": [
        {
          "schema_version": 1,
          "attributes": {
            "arn": "arn:aws:ec2:ap-southeast-1:866404760327:security-group/sg-0547b0f69b4724ce9",
            "description": "Allow HTTP, HTTPS, and SSH",
            "egress": [
              {
                "cidr_blocks": [
                  "0.0.0.0/0"
                ],
                "description": "",
                "from_port": 0,
                "ipv6_cidr_blocks": [],
                "prefix_list_ids": [],
                "protocol": "-1",
                "security_groups": [],
                "self": false,
                "to_port": 0
              }
            ],
            "id": "sg-0547b0f69b4724ce9",
            "ingress": [
              {
                "cidr_blocks": [
                  "0.0.0.0/0"
                ],
                "description": "",
                "from_port": 22,
                "ipv6_cidr_blocks": [],
                "prefix_list_ids": [],
                "protocol": "tcp",
                "security_groups": [],
                "self": false,
                "to_port": 22
              },
              {
                "cidr_blocks": [
                  "0.0.0.0/0"
                ],
                "description": "",
                "from_port": 443,
                "ipv6_cidr_blocks": [],
                "prefix_list_ids": [],
                "protocol": "tcp",
                "security_groups": [],
                "self": false,
                "to_port": 443
              },
              {
                "cidr_blocks": [
                  "0.0.0.0/0"
                ],
                "description": "",
                "from_port": 6379,
                "ipv6_cidr_blocks": [],
                "prefix_list_ids": [],
                "protocol": "tcp",
                "security_groups": [],
                "self": false,
                "to_port": 6379
              },
              {
                "cidr_blocks": [
                  "0.0.0.0/0"
                ],
                "description": "",
                "from_port": 8080,
                "ipv6_cidr_blocks": [],
                "prefix_list_ids": [],
                "protocol": "tcp",
                "security_groups": [],
                "self": false,
                "to_port": 8080
              },
              {
                "cidr_blocks": [
                  "0.0.0.0/0"
                ],
                "description": "",
                "from_port": 80,
                "ipv6_cidr_blocks": [],
                "prefix_list_ids": [],
                "protocol": "tcp",
                "security_groups": [],
                "self": false,
                "to_port": 80
              }
            ],
            "name": "mesh-vpc-security-group",
            "name_prefix": null,
            "owner_id": "866404760327",
            "revoke_rules_on_delete": false,
            "tags": null,
            "timeouts": null,
            "vpc_id": "vpc-08399ed9c36c6daff"
          },
          "private": "eyJlMmJmYjczMC1lY2FhLTExZTYtOGY4OC0zNDM2M2JjN2M0YzAiOnsiY3JlYXRlIjo2MDAwMDAwMDAwMDAsImRlbGV0ZSI6NjAwMDAwMDAwMDAwfSwic2NoZW1hX3ZlcnNpb24iOiIxIn0=",
          "depends_on": [
            "aws_vpc.mesh-vpc"
          ]
        }
      ]
    },
    {
      "module": "module.this.module.instances",
      "mode": "managed",
      "type": "aws_subnet",
      "name": "mesh-vpc-subnet1",
      "provider": "provider.aws",
      "instances": [
        {
          "schema_version": 1,
          "attributes": {
            "arn": "arn:aws:ec2:ap-southeast-1:866404760327:subnet/subnet-092a70dbd563c2ee9",
            "assign_ipv6_address_on_creation": false,
            "availability_zone": "ap-southeast-1a",
            "availability_zone_id": "apse1-az1",
            "cidr_block": "10.0.0.0/24",
            "id": "subnet-092a70dbd563c2ee9",
            "ipv6_cidr_block": "",
            "ipv6_cidr_block_association_id": "",
            "map_public_ip_on_launch": false,
            "owner_id": "866404760327",
            "tags": {
              "Name": "mesh-vpc-subnet"
            },
            "timeouts": null,
            "vpc_id": "vpc-08399ed9c36c6daff"
          },
          "private": "eyJlMmJmYjczMC1lY2FhLTExZTYtOGY4OC0zNDM2M2JjN2M0YzAiOnsiY3JlYXRlIjo2MDAwMDAwMDAwMDAsImRlbGV0ZSI6MTIwMDAwMDAwMDAwMH0sInNjaGVtYV92ZXJzaW9uIjoiMSJ9",
          "depends_on": [
            "aws_vpc.mesh-vpc"
          ]
        }
      ]
    },
    {
      "module": "module.this.module.instances",
      "mode": "managed",
      "type": "aws_subnet",
      "name": "mesh-vpc-subnet2",
      "provider": "provider.aws",
      "instances": [
        {
          "schema_version": 1,
          "attributes": {
            "arn": "arn:aws:ec2:ap-southeast-1:866404760327:subnet/subnet-07cbccb864a96bb08",
            "assign_ipv6_address_on_creation": false,
            "availability_zone": "ap-southeast-1b",
            "availability_zone_id": "apse1-az2",
            "cidr_block": "10.0.1.0/24",
            "id": "subnet-07cbccb864a96bb08",
            "ipv6_cidr_block": "",
            "ipv6_cidr_block_association_id": "",
            "map_public_ip_on_launch": false,
            "owner_id": "866404760327",
            "tags": {
              "Name": "mesh-vpc-subnet"
            },
            "timeouts": null,
            "vpc_id": "vpc-08399ed9c36c6daff"
          },
          "private": "eyJlMmJmYjczMC1lY2FhLTExZTYtOGY4OC0zNDM2M2JjN2M0YzAiOnsiY3JlYXRlIjo2MDAwMDAwMDAwMDAsImRlbGV0ZSI6MTIwMDAwMDAwMDAwMH0sInNjaGVtYV92ZXJzaW9uIjoiMSJ9",
          "depends_on": [
            "aws_vpc.mesh-vpc"
          ]
        }
      ]
    },
    {
      "module": "module.this.module.instances",
      "mode": "managed",
      "type": "aws_vpc",
      "name": "mesh-vpc",
      "provider": "provider.aws",
      "instances": [
        {
          "schema_version": 1,
          "attributes": {
            "arn": "arn:aws:ec2:ap-southeast-1:866404760327:vpc/vpc-08399ed9c36c6daff",
            "assign_generated_ipv6_cidr_block": false,
            "cidr_block": "10.0.0.0/16",
            "default_network_acl_id": "acl-03dacfe6b91ff15b0",
            "default_route_table_id": "rtb-01fd3f8ba844da11c",
            "default_security_group_id": "sg-04eaa6aa6484957e1",
            "dhcp_options_id": "dopt-da093ebd",
            "enable_classiclink": false,
            "enable_classiclink_dns_support": false,
            "enable_dns_hostnames": true,
            "enable_dns_support": true,
            "id": "vpc-08399ed9c36c6daff",
            "instance_tenancy": "default",
            "ipv6_association_id": "",
            "ipv6_cidr_block": "",
            "main_route_table_id": "rtb-01fd3f8ba844da11c",
            "owner_id": "866404760327",
            "tags": {
              "Name": "mesh-vpc"
            }
          },
          "private": "eyJzY2hlbWFfdmVyc2lvbiI6IjEifQ=="
        }
      ]
    }
  ]
}
